{
  "name": "distributed-live-streaming-frontend",
  "lockfileVersion": 3,
  "requires": true,
  "packages": {
    "": {
      "name": "distributed-live-streaming-frontend",
      "dependencies": {
        "hls.js": "1.6.13"
      }
    },
    "node_modules/hls.js": {
      "version": "1.6.13",
      "resolved": "https://ms-feed-2.pkgs.visualstudio.com/1es-public/_packaging/npm-public/npm/registry/hls.js/-/hls.js-1.6.13.tgz",
      "integrity": "sha1-/PKCPxeq+RJ7kBHvE1yuXSUgq3U=",
      "license": "Apache-2.0"
    }
  }
}
